// !$*UTF8*$!
{
	archiveVersion = 1;
	classes = {
	};
	objectVersion = 55;
	objects = {

/* Begin PBXBuildFile section */
		1079BB7627E119ED002702C6 /* Theme.swift in Sources */ = {isa = PBXBuildFile; fileRef = 1079BB7527E119ED002702C6 /* Theme.swift */; };
		1079BB7827E11A38002702C6 /* DailyScrum.swift in Sources */ = {isa = PBXBuildFile; fileRef = 1079BB7727E11A38002702C6 /* DailyScrum.swift */; };
		1079BB7A27E11B0A002702C6 /* CardView.swift in Sources */ = {isa = PBXBuildFile; fileRef = 1079BB7927E11B0A002702C6 /* CardView.swift */; };
		1079BB7C27E11C7A002702C6 /* TrailingIconLabelStyle.swift in Sources */ = {isa = PBXBuildFile; fileRef = 1079BB7B27E11C7A002702C6 /* TrailingIconLabelStyle.swift */; };
		1079BB7E27E11E2F002702C6 /* ScrumsView.swift in Sources */ = {isa = PBXBuildFile; fileRef = 1079BB7D27E11E2F002702C6 /* ScrumsView.swift */; };
		1079BB8027E12290002702C6 /* DetailView.swift in Sources */ = {isa = PBXBuildFile; fileRef = 1079BB7F27E12290002702C6 /* DetailView.swift */; };
		1079BB8227E1256F002702C6 /* DetailEditView.swift in Sources */ = {isa = PBXBuildFile; fileRef = 1079BB8127E1256F002702C6 /* DetailEditView.swift */; };
		1079BB8627E12ED2002702C6 /* ThemeView.swift in Sources */ = {isa = PBXBuildFile; fileRef = 1079BB8527E12ED2002702C6 /* ThemeView.swift */; };
		1079BB8827E12EF6002702C6 /* ThemePicker.swift in Sources */ = {isa = PBXBuildFile; fileRef = 1079BB8727E12EF6002702C6 /* ThemePicker.swift */; };
		10C476C027E116BF00298E43 /* ScrumdingerApp.swift in Sources */ = {isa = PBXBuildFile; fileRef = 10C476BF27E116BF00298E43 /* ScrumdingerApp.swift */; };
		10C476C227E116BF00298E43 /* MeetingView.swift in Sources */ = {isa = PBXBuildFile; fileRef = 10C476C127E116BF00298E43 /* MeetingView.swift */; };
		10C476C427E116C600298E43 /* Assets.xcassets in Resources */ = {isa = PBXBuildFile; fileRef = 10C476C327E116C600298E43 /* Assets.xcassets */; };
		10C476C727E116C600298E43 /* Preview Assets.xcassets in Resources */ = {isa = PBXBuildFile; fileRef = 10C476C627E116C600298E43 /* Preview Assets.xcassets */; };
/* End PBXBuildFile section */

/* Begin PBXFileReference section */
		1079BB7527E119ED002702C6 /* Theme.swift */ = {isa = PBXFileReference; lastKnownFileType = sourcecode.swift; path = Theme.swift; sourceTree = "<group>"; };
		1079BB7727E11A38002702C6 /* DailyScrum.swift */ = {isa = PBXFileReference; lastKnownFileType = sourcecode.swift; path = DailyScrum.swift; sourceTree = "<group>"; };
		1079BB7927E11B0A002702C6 /* CardView.swift */ = {isa = PBXFileReference; lastKnownFileType = sourcecode.swift; path = CardView.swift; sourceTree = "<group>"; };
		1079BB7B27E11C7A002702C6 /* TrailingIconLabelStyle.swift */ = {isa = PBXFileReference; lastKnownFileType = sourcecode.swift; path = TrailingIconLabelStyle.swift; sourceTree = "<group>"; };
		1079BB7D27E11E2F002702C6 /* ScrumsView.swift */ = {isa = PBXFileReference; lastKnownFileType = sourcecode.swift; path = ScrumsView.swift; sourceTree = "<group>"; };
		1079BB7F27E12290002702C6 /* DetailView.swift */ = {isa = PBXFileReference; lastKnownFileType = sourcecode.swift; path = DetailView.swift; sourceTree = "<group>"; };
		1079BB8127E1256F002702C6 /* DetailEditView.swift */ = {isa = PBXFileReference; lastKnownFileType = sourcecode.swift; path = DetailEditView.swift; sourceTree = "<group>"; };
		1079BB8527E12ED2002702C6 /* ThemeView.swift */ = {isa = PBXFileReference; lastKnownFileType = sourcecode.swift; path = ThemeView.swift; sourceTree = "<group>"; };
		1079BB8727E12EF6002702C6 /* ThemePicker.swift */ = {isa = PBXFileReference; lastKnownFileType = sourcecode.swift; path = ThemePicker.swift; sourceTree = "<group>"; };
		10C476BC27E116BF00298E43 /* Scrumdinger.app */ = {isa = PBXFileReference; explicitFileType = wrapper.application; includeInIndex = 0; path = Scrumdinger.app; sourceTree = BUILT_PRODUCTS_DIR; };
		10C476BF27E116BF00298E43 /* ScrumdingerApp.swift */ = {isa = PBXFileReference; lastKnownFileType = sourcecode.swift; path = ScrumdingerApp.swift; sourceTree = "<group>"; };
		10C476C127E116BF00298E43 /* MeetingView.swift */ = {isa = PBXFileReference; lastKnownFileType = sourcecode.swift; path = MeetingView.swift; sourceTree = "<group>"; };
		10C476C327E116C600298E43 /* Assets.xcassets */ = {isa = PBXFileReference; lastKnownFileType = folder.assetcatalog; path = Assets.xcassets; sourceTree = "<group>"; };
		10C476C627E116C600298E43 /* Preview Assets.xcassets */ = {isa = PBXFileReference; lastKnownFileType = folder.assetcatalog; path = "Preview Assets.xcassets"; sourceTree = "<group>"; };
/* End PBXFileReference section */

/* Begin PBXFrameworksBuildPhase section */
		10C476B927E116BF00298E43 /* Frameworks */ = {
			isa = PBXFrameworksBuildPhase;
			buildActionMask = 2147483647;
			files = (
			);
			runOnlyForDeploymentPostprocessing = 0;
		};
/* End PBXFrameworksBuildPhase section */

/* Begin PBXGroup section */
		1079BB7427E119C9002702C6 /* Models */ = {
			isa = PBXGroup;
			children = (
				1079BB7527E119ED002702C6 /* Theme.swift */,
				1079BB7727E11A38002702C6 /* DailyScrum.swift */,
			);
			path = Models;
			sourceTree = "<group>";
		};
		10C476B327E116BF00298E43 = {
			isa = PBXGroup;
			children = (
				10C476BE27E116BF00298E43 /* Scrumdinger */,
				10C476BD27E116BF00298E43 /* Products */,
			);
			sourceTree = "<group>";
		};
		10C476BD27E116BF00298E43 /* Products */ = {
			isa = PBXGroup;
			children = (
				10C476BC27E116BF00298E43 /* Scrumdinger.app */,
			);
			name = Products;
			sourceTree = "<group>";
		};
		10C476BE27E116BF00298E43 /* Scrumdinger */ = {
			isa = PBXGroup;
			children = (
				1079BB7427E119C9002702C6 /* Models */,
				10C476BF27E116BF00298E43 /* ScrumdingerApp.swift */,
				10C476C127E116BF00298E43 /* MeetingView.swift */,
				1079BB7927E11B0A002702C6 /* CardView.swift */,
				1079BB7B27E11C7A002702C6 /* TrailingIconLabelStyle.swift */,
				1079BB7D27E11E2F002702C6 /* ScrumsView.swift */,
				1079BB7F27E12290002702C6 /* DetailView.swift */,
				1079BB8127E1256F002702C6 /* DetailEditView.swift */,
				1079BB8527E12ED2002702C6 /* ThemeView.swift */,
				1079BB8727E12EF6002702C6 /* ThemePicker.swift */,
				10C476C327E116C600298E43 /* Assets.xcassets */,
				10C476C527E116C600298E43 /* Preview Content */,
			);
			path = Scrumdinger;
			sourceTree = "<group>";
		};
		10C476C527E116C600298E43 /* Preview Content */ = {
			isa = PBXGroup;
			children = (
				10C476C627E116C600298E43 /* Preview Assets.xcassets */,
			);
			path = "Preview Content";
			sourceTree = "<group>";
		};
/* End PBXGroup section */

/* Begin PBXNativeTarget section */
		10C476BB27E116BF00298E43 /* Scrumdinger */ = {
			isa = PBXNativeTarget;
			buildConfigurationList = 10C476CA27E116C600298E43 /* Build configuration list for PBXNativeTarget "Scrumdinger" */;
			buildPhases = (
				10C476B827E116BF00298E43 /* Sources */,
				10C476B927E116BF00298E43 /* Frameworks */,
				10C476BA27E116BF00298E43 /* Resources */,
			);
			buildRules = (
			);
			dependencies = (
			);
			name = Scrumdinger;
			productName = Scrumdinger;
			productReference = 10C476BC27E116BF00298E43 /* Scrumdinger.app */;
			productType = "com.apple.product-type.application";
		};
/* End PBXNativeTarget section */

/* Begin PBXProject section */
		10C476B427E116BF00298E43 /* Project object */ = {
			isa = PBXProject;
			attributes = {
				BuildIndependentTargetsInParallel = 1;
				LastSwiftUpdateCheck = 1330;
				LastUpgradeCheck = 1330;
				TargetAttributes = {
					10C476BB27E116BF00298E43 = {
						CreatedOnToolsVersion = 13.3;
					};
				};
			};
			buildConfigurationList = 10C476B727E116BF00298E43 /* Build configuration list for PBXProject "Scrumdinger" */;
			compatibilityVersion = "Xcode 13.0";
			developmentRegion = en;
			hasScannedForEncodings = 0;
			knownRegions = (
				en,
				Base,
			);
			mainGroup = 10C476B327E116BF00298E43;
			productRefGroup = 10C476BD27E116BF00298E43 /* Products */;
			projectDirPath = "";
			projectRoot = "";
			targets = (
				10C476BB27E116BF00298E43 /* Scrumdinger */,
			);
		};
/* End PBXProject section */

/* Begin PBXResourcesBuildPhase section */
		10C476BA27E116BF00298E43 /* Resources */ = {
			isa = PBXResourcesBuildPhase;
			buildActionMask = 2147483647;
			files = (
				10C476C727E116C600298E43 /* Preview Assets.xcassets in Resources */,
				10C476C427E116C600298E43 /* Assets.xcassets in Resources */,
			);
			runOnlyForDeploymentPostprocessing = 0;
		};
/* End PBXResourcesBuildPhase section */

/* Begin PBXSourcesBuildPhase section */
		10C476B827E116BF00298E43 /* Sources */ = {
			isa = PBXSourcesBuildPhase;
			buildActionMask = 2147483647;
			files = (
				1079BB8827E12EF6002702C6 /* ThemePicker.swift in Sources */,
				1079BB7827E11A38002702C6 /* DailyScrum.swift in Sources */,
				1079BB8027E12290002702C6 /* DetailView.swift in Sources */,
				1079BB8227E1256F002702C6 /* DetailEditView.swift in Sources */,
				1079BB7C27E11C7A002702C6 /* TrailingIconLabelStyle.swift in Sources */,
				1079BB7627E119ED002702C6 /* Theme.swift in Sources */,
				1079BB7E27E11E2F002702C6 /* ScrumsView.swift in Sources */,
				10C476C227E116BF00298E43 /* MeetingView.swift in Sources */,
				10C476C027E116BF00298E43 /* ScrumdingerApp.swift in Sources */,
				1079BB8627E12ED2002702C6 /* ThemeView.swift in Sources */,
				1079BB7A27E11B0A002702C6 /* CardView.swift in Sources */,
			);
			runOnlyForDeploymentPostprocessing = 0;
		};
/* End PBXSourcesBuildPhase section */

/* Begin XCBuildConfiguration section */
		10C476C827E116C600298E43 /* Debug */ = {
			isa = XCBuildConfiguration;
			buildSettings = {
				ALWAYS_SEARCH_USER_PATHS = NO;
				CLANG_ANALYZER_NONNULL = YES;
				CLANG_ANALYZER_NUMBER_OBJECT_CONVERSION = YES_AGGRESSIVE;
				CLANG_CXX_LANGUAGE_STANDARD = "gnu++17";
				CLANG_ENABLE_MODULES = YES;
				CLANG_ENABLE_OBJC_ARC = YES;
				CLANG_ENABLE_OBJC_WEAK = YES;
				CLANG_WARN_BLOCK_CAPTURE_AUTORELEASING = YES;
				CLANG_WARN_BOOL_CONVERSION = YES;
				CLANG_WARN_COMMA = YES;
				CLANG_WARN_CONSTANT_CONVERSION = YES;
				CLANG_WARN_DEPRECATED_OBJC_IMPLEMENTATIONS = YES;
				CLANG_WARN_DIRECT_OBJC_ISA_USAGE = YES_ERROR;
				CLANG_WARN_DOCUMENTATION_COMMENTS = YES;
				CLANG_WARN_EMPTY_BODY = YES;
				CLANG_WARN_ENUM_CONVERSION = YES;
				CLANG_WARN_INFINITE_RECURSION = YES;
				CLANG_WARN_INT_CONVERSION = YES;
				CLANG_WARN_NON_LITERAL_NULL_CONVERSION = YES;
				CLANG_WARN_OBJC_IMPLICIT_RETAIN_SELF = YES;
				CLANG_WARN_OBJC_LITERAL_CONVERSION = YES;
				CLANG_WARN_OBJC_ROOT_CLASS = YES_ERROR;
				CLANG_WARN_QUOTED_INCLUDE_IN_FRAMEWORK_HEADER = YES;
				CLANG_WARN_RANGE_LOOP_ANALYSIS = YES;
				CLANG_WARN_STRICT_PROTOTYPES = YES;
				CLANG_WARN_SUSPICIOUS_MOVE = YES;
				CLANG_WARN_UNGUARDED_AVAILABILITY = YES_AGGRESSIVE;
				CLANG_WARN_UNREACHABLE_CODE = YES;
				CLANG_WARN__DUPLICATE_METHOD_MATCH = YES;
				COPY_PHASE_STRIP = NO;
				DEBUG_INFORMATION_FORMAT = dwarf;
				ENABLE_STRICT_OBJC_MSGSEND = YES;
				ENABLE_TESTABILITY = YES;
				GCC_C_LANGUAGE_STANDARD = gnu11;
				GCC_DYNAMIC_NO_PIC = NO;
				GCC_NO_COMMON_BLOCKS = YES;
				GCC_OPTIMIZATION_LEVEL = 0;
				GCC_PREPROCESSOR_DEFINITIONS = (
					"DEBUG=1",
					"$(inherited)",
				);
				GCC_WARN_64_TO_32_BIT_CONVERSION = YES;
				GCC_WARN_ABOUT_RETURN_TYPE = YES_ERROR;
				GCC_WARN_UNDECLARED_SELECTOR = YES;
				GCC_WARN_UNINITIALIZED_AUTOS = YES_AGGRESSIVE;
				GCC_WARN_UNUSED_FUNCTION = YES;
				GCC_WARN_UNUSED_VARIABLE = YES;
				IPHONEOS_DEPLOYMENT_TARGET = 15.4;
				MTL_ENABLE_DEBUG_INFO = INCLUDE_SOURCE;
				MTL_FAST_MATH = YES;
				ONLY_ACTIVE_ARCH = YES;
				SDKROOT = iphoneos;
				SWIFT_ACTIVE_COMPILATION_CONDITIONS = DEBUG;
				SWIFT_OPTIMIZATION_LEVEL = "-Onone";
			};
			name = Debug;
		};
		10C476C927E116C600298E43 /* Release */ = {
			isa = XCBuildConfiguration;
			buildSettings = {
				ALWAYS_SEARCH_USER_PATHS = NO;
				CLANG_ANALYZER_NONNULL = YES;
				CLANG_ANALYZER_NUMBER_OBJECT_CONVERSION = YES_AGGRESSIVE;
				CLANG_CXX_LANGUAGE_STANDARD = "gnu++17";
				CLANG_ENABLE_MODULES = YES;
				CLANG_ENABLE_OBJC_ARC = YES;
				CLANG_ENABLE_OBJC_WEAK = YES;
				CLANG_WARN_BLOCK_CAPTURE_AUTORELEASING = YES;
				CLANG_WARN_BOOL_CONVERSION = YES;
				CLANG_WARN_COMMA = YES;
				CLANG_WARN_CONSTANT_CONVERSION = YES;
				CLANG_WARN_DEPRECATED_OBJC_IMPLEMENTATIONS = YES;
				CLANG_WARN_DIRECT_OBJC_ISA_USAGE = YES_ERROR;
				CLANG_WARN_DOCUMENTATION_COMMENTS = YES;
				CLANG_WARN_EMPTY_BODY = YES;
				CLANG_WARN_ENUM_CONVERSION = YES;
				CLANG_WARN_INFINITE_RECURSION = YES;
				CLANG_WARN_INT_CONVERSION = YES;
				CLANG_WARN_NON_LITERAL_NULL_CONVERSION = YES;
				CLANG_WARN_OBJC_IMPLICIT_RETAIN_SELF = YES;
				CLANG_WARN_OBJC_LITERAL_CONVERSION = YES;
				CLANG_WARN_OBJC_ROOT_CLASS = YES_ERROR;
				CLANG_WARN_QUOTED_INCLUDE_IN_FRAMEWORK_HEADER = YES;
				CLANG_WARN_RANGE_LOOP_ANALYSIS = YES;
				CLANG_WARN_STRICT_PROTOTYPES = YES;
				CLANG_WARN_SUSPICIOUS_MOVE = YES;
				CLANG_WARN_UNGUARDED_AVAILABILITY = YES_AGGRESSIVE;
				CLANG_WARN_UNREACHABLE_CODE = YES;
				CLANG_WARN__DUPLICATE_METHOD_MATCH = YES;
				COPY_PHASE_STRIP = NO;
				DEBUG_INFORMATION_FORMAT = "dwarf-with-dsym";
				ENABLE_NS_ASSERTIONS = NO;
				ENABLE_STRICT_OBJC_MSGSEND = YES;
				GCC_C_LANGUAGE_STANDARD = gnu11;
				GCC_NO_COMMON_BLOCKS = YES;
				GCC_WARN_64_TO_32_BIT_CONVERSION = YES;
				GCC_WARN_ABOUT_RETURN_TYPE = YES_ERROR;
				GCC_WARN_UNDECLARED_SELECTOR = YES;
				GCC_WARN_UNINITIALIZED_AUTOS = YES_AGGRESSIVE;
				GCC_WARN_UNUSED_FUNCTION = YES;
				GCC_WARN_UNUSED_VARIABLE = YES;
				IPHONEOS_DEPLOYMENT_TARGET = 15.4;
				MTL_ENABLE_DEBUG_INFO = NO;
				MTL_FAST_MATH = YES;
				SDKROOT = iphoneos;
				SWIFT_COMPILATION_MODE = wholemodule;
				SWIFT_OPTIMIZATION_LEVEL = "-O";
				VALIDATE_PRODUCT = YES;
			};
			name = Release;
		};
		10C476CB27E116C600298E43 /* Debug */ = {
			isa = XCBuildConfiguration;
			buildSettings = {
				ASSETCATALOG_COMPILER_APPICON_NAME = AppIcon;
				ASSETCATALOG_COMPILER_GLOBAL_ACCENT_COLOR_NAME = AccentColor;
				CODE_SIGN_STYLE = Automatic;
				CURRENT_PROJECT_VERSION = 1;
				DEVELOPMENT_ASSET_PATHS = "\"Scrumdinger/Preview Content\"";
				DEVELOPMENT_TEAM = K9T9S7CL7K;
				ENABLE_PREVIEWS = YES;
				GENERATE_INFOPLIST_FILE = YES;
				INFOPLIST_KEY_UIApplicationSceneManifest_Generation = YES;
				INFOPLIST_KEY_UIApplicationSupportsIndirectInputEvents = YES;
				INFOPLIST_KEY_UILaunchScreen_Generation = YES;
				INFOPLIST_KEY_UISupportedInterfaceOrientations_iPad = "UIInterfaceOrientationPortrait UIInterfaceOrientationPortraitUpsideDown UIInterfaceOrientationLandscapeLeft UIInterfaceOrientationLandscapeRight";
				INFOPLIST_KEY_UISupportedInterfaceOrientations_iPhone = "UIInterfaceOrientationPortrait UIInterfaceOrientationLandscapeLeft UIInterfaceOrientationLandscapeRight";
				LD_RUNPATH_SEARCH_PATHS = (
					"$(inherited)",
					"@executable_path/Frameworks",
				);
				MARKETING_VERSION = 1.0;
				PRODUCT_BUNDLE_IDENTIFIER = ozanbilgili.Scrumdinger;
				PRODUCT_NAME = "$(TARGET_NAME)";
				SWIFT_EMIT_LOC_STRINGS = YES;
				SWIFT_VERSION = 5.0;
				TARGETED_DEVICE_FAMILY = "1,2";
			};
			name = Debug;
		};
		10C476CC27E116C600298E43 /* Release */ = {
			isa = XCBuildConfiguration;
			buildSettings = {
				ASSETCATALOG_COMPILER_APPICON_NAME = AppIcon;
				ASSETCATALOG_COMPILER_GLOBAL_ACCENT_COLOR_NAME = AccentColor;
				CODE_SIGN_STYLE = Automatic;
				CURRENT_PROJECT_VERSION = 1;
				DEVELOPMENT_ASSET_PATHS = "\"Scrumdinger/Preview Content\"";
				DEVELOPMENT_TEAM = K9T9S7CL7K;
				ENABLE_PREVIEWS = YES;
				GENERATE_INFOPLIST_FILE = YES;
				INFOPLIST_KEY_UIApplicationSceneManifest_Generation = YES;
				INFOPLIST_KEY_UIApplicationSupportsIndirectInputEvents = YES;
				INFOPLIST_KEY_UILaunchScreen_Generation = YES;
				INFOPLIST_KEY_UISupportedInterfaceOrientations_iPad = "UIInterfaceOrientationPortrait UIInterfaceOrientationPortraitUpsideDown UIInterfaceOrientationLandscapeLeft UIInterfaceOrientationLandscapeRight";
				INFOPLIST_KEY_UISupportedInterfaceOrientations_iPhone = "UIInterfaceOrientationPortrait UIInterfaceOrientationLandscapeLeft UIInterfaceOrientationLandscapeRight";
				LD_RUNPATH_SEARCH_PATHS = (
					"$(inherited)",
					"@executable_path/Frameworks",
				);
				MARKETING_VERSION = 1.0;
				PRODUCT_BUNDLE_IDENTIFIER = ozanbilgili.Scrumdinger;
				PRODUCT_NAME = "$(TARGET_NAME)";
				SWIFT_EMIT_LOC_STRINGS = YES;
				SWIFT_VERSION = 5.0;
				TARGETED_DEVICE_FAMILY = "1,2";
			};
			name = Release;
		};
/* End XCBuildConfiguration section */

/* Begin XCConfigurationList section */
		10C476B727E116BF00298E43 /* Build configuration list for PBXProject "Scrumdinger" */ = {
			isa = XCConfigurationList;
			buildConfigurations = (
				10C476C827E116C600298E43 /* Debug */,
				10C476C927E116C600298E43 /* Release */,
			);
			defaultConfigurationIsVisible = 0;
			defaultConfigurationName = Release;
		};
		10C476CA27E116C600298E43 /* Build configuration list for PBXNativeTarget "Scrumdinger" */ = {
			isa = XCConfigurationList;
			buildConfigurations = (
				10C476CB27E116C600298E43 /* Debug */,
				10C476CC27E116C600298E43 /* Release */,
			);
			defaultConfigurationIsVisible = 0;
			defaultConfigurationName = Release;
		};
/* End XCConfigurationList section */
	};
	rootObject = 10C476B427E116BF00298E43 /* Project object */;
}
